
Microsoft Visual Studio Solution File, Format Version 12.00
# Visual Studio Version 16
VisualStudioVersion = 16.0.31702.278
MinimumVisualStudioVersion = 10.0.40219.1
Project("{FAE04EC0-301F-11D3-BF4B-00C04F79EFBC}") = "WebASP.net", "WebASP.net\WebASP.net.csproj", "{799BEC2E-D7F5-4BB7-AC4B-260E090DCFB1}"
EndProject
Global
	GlobalSection(SolutionConfigurationPlatforms) = preSolution
		Debug|Any CPU = Debug|Any CPU
		Release|Any CPU = Release|Any CPU
	EndGlobalSection
	GlobalSection(ProjectConfigurationPlatforms) = postSolution
		{799BEC2E-D7F5-4BB7-AC4B-260E090DCFB1}.Debug|Any CPU.ActiveCfg = Debug|Any CPU
		{799BEC2E-D7F5-4BB7-AC4B-260E090DCFB1}.Debug|Any CPU.Build.0 = Debug|Any CPU
		{799BEC2E-D7F5-4BB7-AC4B-260E090DCFB1}.Release|Any CPU.ActiveCfg = Release|Any CPU
		{799BEC2E-D7F5-4BB7-AC4B-260E090DCFB1}.Release|Any CPU.Build.0 = Release|Any CPU
	EndGlobalSection
	GlobalSection(SolutionProperties) = preSolution
		HideSolutionNode = FALSE
	EndGlobalSection
	GlobalSection(ExtensibilityGlobals) = postSolution
		SolutionGuid = {227EAF85-D59B-44B3-9274-0FE00D03312C}
	EndGlobalSection
EndGlobal
